
Microsoft Visual Studio Solution File, Format Version 12.00
# Visual Studio Version 17
VisualStudioVersion = 17.0.31912.275
MinimumVisualStudioVersion = 10.0.40219.1
Project("{9A19103F-16F7-4668-BE54-9A1E7A4F7556}") = "Bot.Logic", "Bot.Logic\Bot.Logic.csproj", "{274A1EEA-C5B4-4729-BC12-AF9E890DAA35}"
EndProject
Project("{9A19103F-16F7-4668-BE54-9A1E7A4F7556}") = "Bot.Data", "Bot.Data\Bot.Data.csproj", "{586467B1-F3A7-4AAE-8D77-BBEFB354914D}"
EndProject
Project("{9A19103F-16F7-4668-BE54-9A1E7A4F7556}") = "Bot.Contracts", "Bot.Contracts\Bot.Contracts.csproj", "{61A6876F-D996-472A-8A59-94BFDD3FE079}"
EndProject
Project("{9A19103F-16F7-4668-BE54-9A1E7A4F7556}") = "Bot.Console", "Bot.Console\Bot.Console.csproj", "{D37523AE-0A41-49DF-92FE-67BFF665C671}"
EndProject
Project("{9A19103F-16F7-4668-BE54-9A1E7A4F7556}") = "Bot.Common.Extensions", "Bot.Extensions\Bot.Common.Extensions.csproj", "{9379178B-62E4-418D-92ED-A607325B8F42}"
EndProject
Project("{2150E333-8FDC-42A3-9474-1A3956D46DE8}") = "Bot", "Bot", "{46427091-49BE-4E06-874F-1A69C4A60E28}"
EndProject
Project("{2150E333-8FDC-42A3-9474-1A3956D46DE8}") = "Bot.Common", "Bot.Common", "{6C5748E6-F454-44CF-A178-BB054B59B70F}"
EndProject
Project("{2150E333-8FDC-42A3-9474-1A3956D46DE8}") = "Telegram", "Telegram", "{29782F8C-12B4-4893-87FD-D929D5DC3835}"
EndProject
Project("{9A19103F-16F7-4668-BE54-9A1E7A4F7556}") = "Telegram.Contracts", "Telegram.Contracts\Telegram.Contracts.csproj", "{57BB5B02-56D6-4227-A26A-7443F8B068C5}"
EndProject
Project("{9A19103F-16F7-4668-BE54-9A1E7A4F7556}") = "Bot.WebApi", "Bot.WebApi\Bot.WebApi.csproj", "{0C9A806A-52DD-4AF7-9C07-7AEA4F3A206B}"
EndProject
Global
	GlobalSection(SolutionConfigurationPlatforms) = preSolution
		Debug|Any CPU = Debug|Any CPU
		Release|Any CPU = Release|Any CPU
	EndGlobalSection
	GlobalSection(ProjectConfigurationPlatforms) = postSolution
		{274A1EEA-C5B4-4729-BC12-AF9E890DAA35}.Debug|Any CPU.ActiveCfg = Debug|Any CPU
		{274A1EEA-C5B4-4729-BC12-AF9E890DAA35}.Debug|Any CPU.Build.0 = Debug|Any CPU
		{274A1EEA-C5B4-4729-BC12-AF9E890DAA35}.Release|Any CPU.ActiveCfg = Release|Any CPU
		{274A1EEA-C5B4-4729-BC12-AF9E890DAA35}.Release|Any CPU.Build.0 = Release|Any CPU
		{586467B1-F3A7-4AAE-8D77-BBEFB354914D}.Debug|Any CPU.ActiveCfg = Debug|Any CPU
		{586467B1-F3A7-4AAE-8D77-BBEFB354914D}.Debug|Any CPU.Build.0 = Debug|Any CPU
		{586467B1-F3A7-4AAE-8D77-BBEFB354914D}.Release|Any CPU.ActiveCfg = Release|Any CPU
		{586467B1-F3A7-4AAE-8D77-BBEFB354914D}.Release|Any CPU.Build.0 = Release|Any CPU
		{61A6876F-D996-472A-8A59-94BFDD3FE079}.Debug|Any CPU.ActiveCfg = Debug|Any CPU
		{61A6876F-D996-472A-8A59-94BFDD3FE079}.Debug|Any CPU.Build.0 = Debug|Any CPU
		{61A6876F-D996-472A-8A59-94BFDD3FE079}.Release|Any CPU.ActiveCfg = Release|Any CPU
		{61A6876F-D996-472A-8A59-94BFDD3FE079}.Release|Any CPU.Build.0 = Release|Any CPU
		{D37523AE-0A41-49DF-92FE-67BFF665C671}.Debug|Any CPU.ActiveCfg = Debug|Any CPU
		{D37523AE-0A41-49DF-92FE-67BFF665C671}.Debug|Any CPU.Build.0 = Debug|Any CPU
		{D37523AE-0A41-49DF-92FE-67BFF665C671}.Release|Any CPU.ActiveCfg = Release|Any CPU
		{D37523AE-0A41-49DF-92FE-67BFF665C671}.Release|Any CPU.Build.0 = Release|Any CPU
		{9379178B-62E4-418D-92ED-A607325B8F42}.Debug|Any CPU.ActiveCfg = Debug|Any CPU
		{9379178B-62E4-418D-92ED-A607325B8F42}.Debug|Any CPU.Build.0 = Debug|Any CPU
		{9379178B-62E4-418D-92ED-A607325B8F42}.Release|Any CPU.ActiveCfg = Release|Any CPU
		{9379178B-62E4-418D-92ED-A607325B8F42}.Release|Any CPU.Build.0 = Release|Any CPU
		{57BB5B02-56D6-4227-A26A-7443F8B068C5}.Debug|Any CPU.ActiveCfg = Debug|Any CPU
		{57BB5B02-56D6-4227-A26A-7443F8B068C5}.Debug|Any CPU.Build.0 = Debug|Any CPU
		{57BB5B02-56D6-4227-A26A-7443F8B068C5}.Release|Any CPU.ActiveCfg = Release|Any CPU
		{57BB5B02-56D6-4227-A26A-7443F8B068C5}.Release|Any CPU.Build.0 = Release|Any CPU
		{0C9A806A-52DD-4AF7-9C07-7AEA4F3A206B}.Debug|Any CPU.ActiveCfg = Debug|Any CPU
		{0C9A806A-52DD-4AF7-9C07-7AEA4F3A206B}.Debug|Any CPU.Build.0 = Debug|Any CPU
		{0C9A806A-52DD-4AF7-9C07-7AEA4F3A206B}.Release|Any CPU.ActiveCfg = Release|Any CPU
		{0C9A806A-52DD-4AF7-9C07-7AEA4F3A206B}.Release|Any CPU.Build.0 = Release|Any CPU
	EndGlobalSection
	GlobalSection(SolutionProperties) = preSolution
		HideSolutionNode = FALSE
	EndGlobalSection
	GlobalSection(NestedProjects) = preSolution
		{274A1EEA-C5B4-4729-BC12-AF9E890DAA35} = {46427091-49BE-4E06-874F-1A69C4A60E28}
		{586467B1-F3A7-4AAE-8D77-BBEFB354914D} = {46427091-49BE-4E06-874F-1A69C4A60E28}
		{61A6876F-D996-472A-8A59-94BFDD3FE079} = {46427091-49BE-4E06-874F-1A69C4A60E28}
		{D37523AE-0A41-49DF-92FE-67BFF665C671} = {46427091-49BE-4E06-874F-1A69C4A60E28}
		{9379178B-62E4-418D-92ED-A607325B8F42} = {6C5748E6-F454-44CF-A178-BB054B59B70F}
		{57BB5B02-56D6-4227-A26A-7443F8B068C5} = {29782F8C-12B4-4893-87FD-D929D5DC3835}
		{0C9A806A-52DD-4AF7-9C07-7AEA4F3A206B} = {46427091-49BE-4E06-874F-1A69C4A60E28}
	EndGlobalSection
	GlobalSection(ExtensibilityGlobals) = postSolution
		SolutionGuid = {52C8034C-4B57-47B6-985B-D007280A7E1C}
	EndGlobalSection
EndGlobal
